
Microsoft Visual Studio Solution File, Format Version 12.00
# Visual Studio Version 16
VisualStudioVersion = 25.0.1706.0
MinimumVisualStudioVersion = 10.0.40219.1
Project("{FAE04EC0-301F-11D3-BF4B-00C04F79EFBC}") = ".NETCore", ".NETCore\.NETCore.csproj", "{46C9F724-E3A2-4AEE-9467-127496B68BAA}"
EndProject
Global
	GlobalSection(SolutionConfigurationPlatforms) = preSolution
		Debug|Any CPU = Debug|Any CPU
		Release|Any CPU = Release|Any CPU
	EndGlobalSection
	GlobalSection(ProjectConfigurationPlatforms) = postSolution
		{46C9F724-E3A2-4AEE-9467-127496B68BAA}.Debug|Any CPU.ActiveCfg = Debug|Any CPU
		{46C9F724-E3A2-4AEE-9467-127496B68BAA}.Debug|Any CPU.Build.0 = Debug|Any CPU
		{46C9F724-E3A2-4AEE-9467-127496B68BAA}.Release|Any CPU.ActiveCfg = Release|Any CPU
		{46C9F724-E3A2-4AEE-9467-127496B68BAA}.Release|Any CPU.Build.0 = Release|Any CPU
	EndGlobalSection
	GlobalSection(SolutionProperties) = preSolution
		HideSolutionNode = FALSE
	EndGlobalSection
	GlobalSection(ExtensibilityGlobals) = postSolution
		SolutionGuid = {F5874633-C21A-4BFC-B0EE-C8E6D33474ED}
	EndGlobalSection
EndGlobal
